
Microsoft Visual Studio Solution File, Format Version 12.00
# Visual Studio Version 16
VisualStudioVersion = 16.0.30114.105
MinimumVisualStudioVersion = 10.0.40219.1
Project("{F2A71F9B-5D33-465A-A702-920D77279786}") = "Fapac.Core", "src\Fapac.Core\Fapac.Core.fsproj", "{E500E0E4-3E30-46D8-8B02-390ADEBED15E}"
EndProject
Project("{FAE04EC0-301F-11D3-BF4B-00C04F79EFBC}") = "Hopac.Core", "..\Hopac\Libs\Hopac.Core\Hopac.Core.csproj", "{411F95C0-7D64-4233-9395-A3495739EB50}"
EndProject
Project("{F2A71F9B-5D33-465A-A702-920D77279786}") = "Fapac", "src\Fapac\Fapac.fsproj", "{5F248A4C-9AE2-4919-81DC-1F223297F6B7}"
EndProject
Project("{F2A71F9B-5D33-465A-A702-920D77279786}") = "Hopac", "..\Hopac\Libs\Hopac\Hopac.fsproj", "{5AB4C4C6-A573-47E8-AF44-B2B67FA0B5CE}"
EndProject
Project("{F2A71F9B-5D33-465A-A702-920D77279786}") = "Hopac.Platform", "..\Hopac\Libs\Hopac.Platform\Hopac.Platform.fsproj", "{702DC56D-25E8-4B99-AFC6-0234125EEB7F}"
EndProject
Global
	GlobalSection(SolutionConfigurationPlatforms) = preSolution
		Debug|Any CPU = Debug|Any CPU
		Debug|x64 = Debug|x64
		Debug|x86 = Debug|x86
		Release|Any CPU = Release|Any CPU
		Release|x64 = Release|x64
		Release|x86 = Release|x86
	EndGlobalSection
	GlobalSection(SolutionProperties) = preSolution
		HideSolutionNode = FALSE
	EndGlobalSection
	GlobalSection(ProjectConfigurationPlatforms) = postSolution
		{E500E0E4-3E30-46D8-8B02-390ADEBED15E}.Debug|Any CPU.ActiveCfg = Debug|Any CPU
		{E500E0E4-3E30-46D8-8B02-390ADEBED15E}.Debug|Any CPU.Build.0 = Debug|Any CPU
		{E500E0E4-3E30-46D8-8B02-390ADEBED15E}.Debug|x64.ActiveCfg = Debug|Any CPU
		{E500E0E4-3E30-46D8-8B02-390ADEBED15E}.Debug|x64.Build.0 = Debug|Any CPU
		{E500E0E4-3E30-46D8-8B02-390ADEBED15E}.Debug|x86.ActiveCfg = Debug|Any CPU
		{E500E0E4-3E30-46D8-8B02-390ADEBED15E}.Debug|x86.Build.0 = Debug|Any CPU
		{E500E0E4-3E30-46D8-8B02-390ADEBED15E}.Release|Any CPU.ActiveCfg = Release|Any CPU
		{E500E0E4-3E30-46D8-8B02-390ADEBED15E}.Release|Any CPU.Build.0 = Release|Any CPU
		{E500E0E4-3E30-46D8-8B02-390ADEBED15E}.Release|x64.ActiveCfg = Release|Any CPU
		{E500E0E4-3E30-46D8-8B02-390ADEBED15E}.Release|x64.Build.0 = Release|Any CPU
		{E500E0E4-3E30-46D8-8B02-390ADEBED15E}.Release|x86.ActiveCfg = Release|Any CPU
		{E500E0E4-3E30-46D8-8B02-390ADEBED15E}.Release|x86.Build.0 = Release|Any CPU
		{411F95C0-7D64-4233-9395-A3495739EB50}.Debug|Any CPU.ActiveCfg = Debug|Any CPU
		{411F95C0-7D64-4233-9395-A3495739EB50}.Debug|Any CPU.Build.0 = Debug|Any CPU
		{411F95C0-7D64-4233-9395-A3495739EB50}.Debug|x64.ActiveCfg = Debug|Any CPU
		{411F95C0-7D64-4233-9395-A3495739EB50}.Debug|x64.Build.0 = Debug|Any CPU
		{411F95C0-7D64-4233-9395-A3495739EB50}.Debug|x86.ActiveCfg = Debug|Any CPU
		{411F95C0-7D64-4233-9395-A3495739EB50}.Debug|x86.Build.0 = Debug|Any CPU
		{411F95C0-7D64-4233-9395-A3495739EB50}.Release|Any CPU.ActiveCfg = Release|Any CPU
		{411F95C0-7D64-4233-9395-A3495739EB50}.Release|Any CPU.Build.0 = Release|Any CPU
		{411F95C0-7D64-4233-9395-A3495739EB50}.Release|x64.ActiveCfg = Release|Any CPU
		{411F95C0-7D64-4233-9395-A3495739EB50}.Release|x64.Build.0 = Release|Any CPU
		{411F95C0-7D64-4233-9395-A3495739EB50}.Release|x86.ActiveCfg = Release|Any CPU
		{411F95C0-7D64-4233-9395-A3495739EB50}.Release|x86.Build.0 = Release|Any CPU
		{5F248A4C-9AE2-4919-81DC-1F223297F6B7}.Debug|Any CPU.ActiveCfg = Debug|Any CPU
		{5F248A4C-9AE2-4919-81DC-1F223297F6B7}.Debug|Any CPU.Build.0 = Debug|Any CPU
		{5F248A4C-9AE2-4919-81DC-1F223297F6B7}.Debug|x64.ActiveCfg = Debug|Any CPU
		{5F248A4C-9AE2-4919-81DC-1F223297F6B7}.Debug|x64.Build.0 = Debug|Any CPU
		{5F248A4C-9AE2-4919-81DC-1F223297F6B7}.Debug|x86.ActiveCfg = Debug|Any CPU
		{5F248A4C-9AE2-4919-81DC-1F223297F6B7}.Debug|x86.Build.0 = Debug|Any CPU
		{5F248A4C-9AE2-4919-81DC-1F223297F6B7}.Release|Any CPU.ActiveCfg = Release|Any CPU
		{5F248A4C-9AE2-4919-81DC-1F223297F6B7}.Release|Any CPU.Build.0 = Release|Any CPU
		{5F248A4C-9AE2-4919-81DC-1F223297F6B7}.Release|x64.ActiveCfg = Release|Any CPU
		{5F248A4C-9AE2-4919-81DC-1F223297F6B7}.Release|x64.Build.0 = Release|Any CPU
		{5F248A4C-9AE2-4919-81DC-1F223297F6B7}.Release|x86.ActiveCfg = Release|Any CPU
		{5F248A4C-9AE2-4919-81DC-1F223297F6B7}.Release|x86.Build.0 = Release|Any CPU
		{5AB4C4C6-A573-47E8-AF44-B2B67FA0B5CE}.Debug|Any CPU.ActiveCfg = Debug|Any CPU
		{5AB4C4C6-A573-47E8-AF44-B2B67FA0B5CE}.Debug|Any CPU.Build.0 = Debug|Any CPU
		{5AB4C4C6-A573-47E8-AF44-B2B67FA0B5CE}.Debug|x64.ActiveCfg = Debug|Any CPU
		{5AB4C4C6-A573-47E8-AF44-B2B67FA0B5CE}.Debug|x64.Build.0 = Debug|Any CPU
		{5AB4C4C6-A573-47E8-AF44-B2B67FA0B5CE}.Debug|x86.ActiveCfg = Debug|Any CPU
		{5AB4C4C6-A573-47E8-AF44-B2B67FA0B5CE}.Debug|x86.Build.0 = Debug|Any CPU
		{5AB4C4C6-A573-47E8-AF44-B2B67FA0B5CE}.Release|Any CPU.ActiveCfg = Release|Any CPU
		{5AB4C4C6-A573-47E8-AF44-B2B67FA0B5CE}.Release|Any CPU.Build.0 = Release|Any CPU
		{5AB4C4C6-A573-47E8-AF44-B2B67FA0B5CE}.Release|x64.ActiveCfg = Release|Any CPU
		{5AB4C4C6-A573-47E8-AF44-B2B67FA0B5CE}.Release|x64.Build.0 = Release|Any CPU
		{5AB4C4C6-A573-47E8-AF44-B2B67FA0B5CE}.Release|x86.ActiveCfg = Release|Any CPU
		{5AB4C4C6-A573-47E8-AF44-B2B67FA0B5CE}.Release|x86.Build.0 = Release|Any CPU
		{702DC56D-25E8-4B99-AFC6-0234125EEB7F}.Debug|Any CPU.ActiveCfg = Debug|Any CPU
		{702DC56D-25E8-4B99-AFC6-0234125EEB7F}.Debug|Any CPU.Build.0 = Debug|Any CPU
		{702DC56D-25E8-4B99-AFC6-0234125EEB7F}.Debug|x64.ActiveCfg = Debug|Any CPU
		{702DC56D-25E8-4B99-AFC6-0234125EEB7F}.Debug|x64.Build.0 = Debug|Any CPU
		{702DC56D-25E8-4B99-AFC6-0234125EEB7F}.Debug|x86.ActiveCfg = Debug|Any CPU
		{702DC56D-25E8-4B99-AFC6-0234125EEB7F}.Debug|x86.Build.0 = Debug|Any CPU
		{702DC56D-25E8-4B99-AFC6-0234125EEB7F}.Release|Any CPU.ActiveCfg = Release|Any CPU
		{702DC56D-25E8-4B99-AFC6-0234125EEB7F}.Release|Any CPU.Build.0 = Release|Any CPU
		{702DC56D-25E8-4B99-AFC6-0234125EEB7F}.Release|x64.ActiveCfg = Release|Any CPU
		{702DC56D-25E8-4B99-AFC6-0234125EEB7F}.Release|x64.Build.0 = Release|Any CPU
		{702DC56D-25E8-4B99-AFC6-0234125EEB7F}.Release|x86.ActiveCfg = Release|Any CPU
		{702DC56D-25E8-4B99-AFC6-0234125EEB7F}.Release|x86.Build.0 = Release|Any CPU
	EndGlobalSection
EndGlobal
